
Microsoft Visual Studio Solution File, Format Version 12.00
# Visual Studio Version 16
VisualStudioVersion = 16.0.31729.503
MinimumVisualStudioVersion = 10.0.40219.1
Project("{8BC9CEB8-8B4A-11D0-8D11-00A0C91BC942}") = "Server", "Server\Server.vcxproj", "{7E88E2DC-A2E8-44EE-B9B2-5A9DD1573DD7}"
EndProject
Project("{8BC9CEB8-8B4A-11D0-8D11-00A0C91BC942}") = "Client", "Client\Client.vcxproj", "{73EA44FC-85DA-4E6F-8359-87103CF693D9}"
EndProject
Global
	GlobalSection(SolutionConfigurationPlatforms) = preSolution
		Debug|x64 = Debug|x64
		Debug|x86 = Debug|x86
		Release|x64 = Release|x64
		Release|x86 = Release|x86
	EndGlobalSection
	GlobalSection(ProjectConfigurationPlatforms) = postSolution
		{7E88E2DC-A2E8-44EE-B9B2-5A9DD1573DD7}.Debug|x64.ActiveCfg = Debug|x64
		{7E88E2DC-A2E8-44EE-B9B2-5A9DD1573DD7}.Debug|x64.Build.0 = Debug|x64
		{7E88E2DC-A2E8-44EE-B9B2-5A9DD1573DD7}.Debug|x86.ActiveCfg = Debug|Win32
		{7E88E2DC-A2E8-44EE-B9B2-5A9DD1573DD7}.Debug|x86.Build.0 = Debug|Win32
		{7E88E2DC-A2E8-44EE-B9B2-5A9DD1573DD7}.Release|x64.ActiveCfg = Release|x64
		{7E88E2DC-A2E8-44EE-B9B2-5A9DD1573DD7}.Release|x64.Build.0 = Release|x64
		{7E88E2DC-A2E8-44EE-B9B2-5A9DD1573DD7}.Release|x86.ActiveCfg = Release|Win32
		{7E88E2DC-A2E8-44EE-B9B2-5A9DD1573DD7}.Release|x86.Build.0 = Release|Win32
		{73EA44FC-85DA-4E6F-8359-87103CF693D9}.Debug|x64.ActiveCfg = Debug|x64
		{73EA44FC-85DA-4E6F-8359-87103CF693D9}.Debug|x64.Build.0 = Debug|x64
		{73EA44FC-85DA-4E6F-8359-87103CF693D9}.Debug|x86.ActiveCfg = Debug|Win32
		{73EA44FC-85DA-4E6F-8359-87103CF693D9}.Debug|x86.Build.0 = Debug|Win32
		{73EA44FC-85DA-4E6F-8359-87103CF693D9}.Release|x64.ActiveCfg = Release|x64
		{73EA44FC-85DA-4E6F-8359-87103CF693D9}.Release|x64.Build.0 = Release|x64
		{73EA44FC-85DA-4E6F-8359-87103CF693D9}.Release|x86.ActiveCfg = Release|Win32
		{73EA44FC-85DA-4E6F-8359-87103CF693D9}.Release|x86.Build.0 = Release|Win32
	EndGlobalSection
	GlobalSection(SolutionProperties) = preSolution
		HideSolutionNode = FALSE
	EndGlobalSection
	GlobalSection(ExtensibilityGlobals) = postSolution
		SolutionGuid = {F0B4C7E6-13C6-494D-91BC-8A13A44A6833}
	EndGlobalSection
EndGlobal
